
Microsoft Visual Studio Solution File, Format Version 12.00
# Visual Studio Version 17
VisualStudioVersion = 17.2.32505.173
MinimumVisualStudioVersion = 10.0.40219.1
Project("{9A19103F-16F7-4668-BE54-9A1E7A4F7556}") = "Курсач", "Курсач\Курсач.csproj", "{5E888920-A176-40A8-8329-42C9FCB859A7}"
EndProject
Project("{2150E333-8FDC-42A3-9474-1A3956D46DE8}") = "Solution Items", "Solution Items", "{D263F3B3-F0B7-4612-9B1D-9B9A161588AA}"
	ProjectSection(SolutionItems) = preProject
		.editorconfig = .editorconfig
	EndProjectSection
EndProject
Global
	GlobalSection(SolutionConfigurationPlatforms) = preSolution
		Debug|Any CPU = Debug|Any CPU
		Release|Any CPU = Release|Any CPU
	EndGlobalSection
	GlobalSection(ProjectConfigurationPlatforms) = postSolution
		{5E888920-A176-40A8-8329-42C9FCB859A7}.Debug|Any CPU.ActiveCfg = Debug|Any CPU
		{5E888920-A176-40A8-8329-42C9FCB859A7}.Debug|Any CPU.Build.0 = Debug|Any CPU
		{5E888920-A176-40A8-8329-42C9FCB859A7}.Release|Any CPU.ActiveCfg = Release|Any CPU
		{5E888920-A176-40A8-8329-42C9FCB859A7}.Release|Any CPU.Build.0 = Release|Any CPU
	EndGlobalSection
	GlobalSection(SolutionProperties) = preSolution
		HideSolutionNode = FALSE
	EndGlobalSection
	GlobalSection(ExtensibilityGlobals) = postSolution
		SolutionGuid = {3A276885-F81C-47BD-96C2-254B7BA47AB7}
	EndGlobalSection
EndGlobal
